// !$*UTF8*$!
{
	archiveVersion = 1;
	classes = {
	};
	objectVersion = 46;
	objects = {

/* Begin PBXBuildFile section */
		884187ABC792BBAD3D223D41 /* libPods.a in Frameworks */ = {isa = PBXBuildFile; fileRef = 22A763BA2601681366645314 /* libPods.a */; };
		942BD27C1B332FB0003F2348 /* main.m in Sources */ = {isa = PBXBuildFile; fileRef = 942BD27B1B332FB0003F2348 /* main.m */; };
		942BD27F1B332FB0003F2348 /* AppDelegate.m in Sources */ = {isa = PBXBuildFile; fileRef = 942BD27E1B332FB0003F2348 /* AppDelegate.m */; };
		942BD2821B332FB0003F2348 /* ViewController.m in Sources */ = {isa = PBXBuildFile; fileRef = 942BD2811B332FB0003F2348 /* ViewController.m */; };
		942BD2851B332FB0003F2348 /* Main.storyboard in Resources */ = {isa = PBXBuildFile; fileRef = 942BD2831B332FB0003F2348 /* Main.storyboard */; };
		942BD28A1B332FB0003F2348 /* LaunchScreen.xib in Resources */ = {isa = PBXBuildFile; fileRef = 942BD2881B332FB0003F2348 /* LaunchScreen.xib */; };
		942BD2961B332FB0003F2348 /* GlanceToDoTests.m in Sources */ = {isa = PBXBuildFile; fileRef = 942BD2951B332FB0003F2348 /* GlanceToDoTests.m */; };
		942BD2A11B333980003F2348 /* HomeTableViewController.m in Sources */ = {isa = PBXBuildFile; fileRef = 942BD2A01B333980003F2348 /* HomeTableViewController.m */; };
		942BD2A41B333A0A003F2348 /* ChooseCategoryViewController.m in Sources */ = {isa = PBXBuildFile; fileRef = 942BD2A31B333A0A003F2348 /* ChooseCategoryViewController.m */; };
		942BD2A71B333A22003F2348 /* AddTaskViewController.m in Sources */ = {isa = PBXBuildFile; fileRef = 942BD2A61B333A22003F2348 /* AddTaskViewController.m */; };
		942BD2AA1B333A8E003F2348 /* Task.m in Sources */ = {isa = PBXBuildFile; fileRef = 942BD2A91B333A8E003F2348 /* Task.m */; };
		942BD2AD1B333AA4003F2348 /* taskCategory.m in Sources */ = {isa = PBXBuildFile; fileRef = 942BD2AC1B333AA4003F2348 /* taskCategory.m */; };
		9491FE3C1B3A381800705D99 /* Images.xcassets in Resources */ = {isa = PBXBuildFile; fileRef = 9491FE3B1B3A381800705D99 /* Images.xcassets */; };
		9491FE3E1B3A38E700705D99 /* Up.png in Resources */ = {isa = PBXBuildFile; fileRef = 9491FE3D1B3A38E700705D99 /* Up.png */; };
		949584661B3476AA0066E07C /* taskType.m in Sources */ = {isa = PBXBuildFile; fileRef = 949584651B3476AA0066E07C /* taskType.m */; };
		94FBFA1A1B339FD500ADC887 /* TasksDataStore.m in Sources */ = {isa = PBXBuildFile; fileRef = 94FBFA191B339FD500ADC887 /* TasksDataStore.m */; };
/* End PBXBuildFile section */

/* Begin PBXContainerItemProxy section */
		942BD2901B332FB0003F2348 /* PBXContainerItemProxy */ = {
			isa = PBXContainerItemProxy;
			containerPortal = 942BD26E1B332FB0003F2348 /* Project object */;
			proxyType = 1;
			remoteGlobalIDString = 942BD2751B332FB0003F2348;
			remoteInfo = GlanceToDo;
		};
/* End PBXContainerItemProxy section */

/* Begin PBXFileReference section */
		22A763BA2601681366645314 /* libPods.a */ = {isa = PBXFileReference; explicitFileType = archive.ar; includeInIndex = 0; path = libPods.a; sourceTree = BUILT_PRODUCTS_DIR; };
		3D4F0143BC0D58EB21D30FA0 /* Pods.debug.xcconfig */ = {isa = PBXFileReference; includeInIndex = 1; lastKnownFileType = text.xcconfig; name = Pods.debug.xcconfig; path = "Pods/Target Support Files/Pods/Pods.debug.xcconfig"; sourceTree = "<group>"; };
		8197D85FD495DA3397D1792A /* Pods.release.xcconfig */ = {isa = PBXFileReference; includeInIndex = 1; lastKnownFileType = text.xcconfig; name = Pods.release.xcconfig; path = "Pods/Target Support Files/Pods/Pods.release.xcconfig"; sourceTree = "<group>"; };
		942BD2761B332FB0003F2348 /* GlanceToDo.app */ = {isa = PBXFileReference; explicitFileType = wrapper.application; includeInIndex = 0; path = GlanceToDo.app; sourceTree = BUILT_PRODUCTS_DIR; };
		942BD27A1B332FB0003F2348 /* Info.plist */ = {isa = PBXFileReference; lastKnownFileType = text.plist.xml; path = Info.plist; sourceTree = "<group>"; };
		942BD27B1B332FB0003F2348 /* main.m */ = {isa = PBXFileReference; lastKnownFileType = sourcecode.c.objc; path = main.m; sourceTree = "<group>"; };
		942BD27D1B332FB0003F2348 /* AppDelegate.h */ = {isa = PBXFileReference; lastKnownFileType = sourcecode.c.h; path = AppDelegate.h; sourceTree = "<group>"; };
		942BD27E1B332FB0003F2348 /* AppDelegate.m */ = {isa = PBXFileReference; lastKnownFileType = sourcecode.c.objc; path = AppDelegate.m; sourceTree = "<group>"; };
		942BD2801B332FB0003F2348 /* ViewController.h */ = {isa = PBXFileReference; lastKnownFileType = sourcecode.c.h; path = ViewController.h; sourceTree = "<group>"; };
		942BD2811B332FB0003F2348 /* ViewController.m */ = {isa = PBXFileReference; lastKnownFileType = sourcecode.c.objc; path = ViewController.m; sourceTree = "<group>"; };
		942BD2841B332FB0003F2348 /* Base */ = {isa = PBXFileReference; lastKnownFileType = file.storyboard; name = Base; path = Base.lproj/Main.storyboard; sourceTree = "<group>"; };
		942BD2891B332FB0003F2348 /* Base */ = {isa = PBXFileReference; lastKnownFileType = file.xib; name = Base; path = Base.lproj/LaunchScreen.xib; sourceTree = "<group>"; };
		942BD28F1B332FB0003F2348 /* GlanceToDoTests.xctest */ = {isa = PBXFileReference; explicitFileType = wrapper.cfbundle; includeInIndex = 0; path = GlanceToDoTests.xctest; sourceTree = BUILT_PRODUCTS_DIR; };
		942BD2941B332FB0003F2348 /* Info.plist */ = {isa = PBXFileReference; lastKnownFileType = text.plist.xml; path = Info.plist; sourceTree = "<group>"; };
		942BD2951B332FB0003F2348 /* GlanceToDoTests.m */ = {isa = PBXFileReference; lastKnownFileType = sourcecode.c.objc; path = GlanceToDoTests.m; sourceTree = "<group>"; };
		942BD29F1B333980003F2348 /* HomeTableViewController.h */ = {isa = PBXFileReference; fileEncoding = 4; lastKnownFileType = sourcecode.c.h; path = HomeTableViewController.h; sourceTree = "<group>"; };
		942BD2A01B333980003F2348 /* HomeTableViewController.m */ = {isa = PBXFileReference; fileEncoding = 4; lastKnownFileType = sourcecode.c.objc; path = HomeTableViewController.m; sourceTree = "<group>"; };
		942BD2A21B333A0A003F2348 /* ChooseCategoryViewController.h */ = {isa = PBXFileReference; fileEncoding = 4; lastKnownFileType = sourcecode.c.h; path = ChooseCategoryViewController.h; sourceTree = "<group>"; };
		942BD2A31B333A0A003F2348 /* ChooseCategoryViewController.m */ = {isa = PBXFileReference; fileEncoding = 4; lastKnownFileType = sourcecode.c.objc; path = ChooseCategoryViewController.m; sourceTree = "<group>"; };
		942BD2A51B333A21003F2348 /* AddTaskViewController.h */ = {isa = PBXFileReference; fileEncoding = 4; lastKnownFileType = sourcecode.c.h; path = AddTaskViewController.h; sourceTree = "<group>"; };
		942BD2A61B333A22003F2348 /* AddTaskViewController.m */ = {isa = PBXFileReference; fileEncoding = 4; lastKnownFileType = sourcecode.c.objc; path = AddTaskViewController.m; sourceTree = "<group>"; };
		942BD2A81B333A8E003F2348 /* Task.h */ = {isa = PBXFileReference; fileEncoding = 4; lastKnownFileType = sourcecode.c.h; path = Task.h; sourceTree = "<group>"; };
		942BD2A91B333A8E003F2348 /* Task.m */ = {isa = PBXFileReference; fileEncoding = 4; lastKnownFileType = sourcecode.c.objc; path = Task.m; sourceTree = "<group>"; };
		942BD2AB1B333AA4003F2348 /* taskCategory.h */ = {isa = PBXFileReference; fileEncoding = 4; lastKnownFileType = sourcecode.c.h; path = taskCategory.h; sourceTree = "<group>"; };
		942BD2AC1B333AA4003F2348 /* taskCategory.m */ = {isa = PBXFileReference; fileEncoding = 4; lastKnownFileType = sourcecode.c.objc; path = taskCategory.m; sourceTree = "<group>"; };
		9491FE3B1B3A381800705D99 /* Images.xcassets */ = {isa = PBXFileReference; lastKnownFileType = folder.assetcatalog; name = Images.xcassets; path = ../Images.xcassets; sourceTree = "<group>"; };
		9491FE3D1B3A38E700705D99 /* Up.png */ = {isa = PBXFileReference; lastKnownFileType = image.png; path = Up.png; sourceTree = "<group>"; };
		949584641B3476AA0066E07C /* taskType.h */ = {isa = PBXFileReference; fileEncoding = 4; lastKnownFileType = sourcecode.c.h; path = taskType.h; sourceTree = "<group>"; };
		949584651B3476AA0066E07C /* taskType.m */ = {isa = PBXFileReference; fileEncoding = 4; lastKnownFileType = sourcecode.c.objc; path = taskType.m; sourceTree = "<group>"; };
		94FBFA181B339FD500ADC887 /* TasksDataStore.h */ = {isa = PBXFileReference; fileEncoding = 4; lastKnownFileType = sourcecode.c.h; path = TasksDataStore.h; sourceTree = "<group>"; };
		94FBFA191B339FD500ADC887 /* TasksDataStore.m */ = {isa = PBXFileReference; fileEncoding = 4; lastKnownFileType = sourcecode.c.objc; path = TasksDataStore.m; sourceTree = "<group>"; };
/* End PBXFileReference section */

/* Begin PBXFrameworksBuildPhase section */
		942BD2731B332FB0003F2348 /* Frameworks */ = {
			isa = PBXFrameworksBuildPhase;
			buildActionMask = 2147483647;
			files = (
				884187ABC792BBAD3D223D41 /* libPods.a in Frameworks */,
			);
			runOnlyForDeploymentPostprocessing = 0;
		};
		942BD28C1B332FB0003F2348 /* Frameworks */ = {
			isa = PBXFrameworksBuildPhase;
			buildActionMask = 2147483647;
			files = (
			);
			runOnlyForDeploymentPostprocessing = 0;
		};
/* End PBXFrameworksBuildPhase section */

/* Begin PBXGroup section */
		6B2C7D16F3610B0C6CFDBADC /* Pods */ = {
			isa = PBXGroup;
			children = (
				3D4F0143BC0D58EB21D30FA0 /* Pods.debug.xcconfig */,
				8197D85FD495DA3397D1792A /* Pods.release.xcconfig */,
			);
			name = Pods;
			sourceTree = "<group>";
		};
		942BD26D1B332FB0003F2348 = {
			isa = PBXGroup;
			children = (
				942BD2781B332FB0003F2348 /* GlanceToDo */,
				942BD2921B332FB0003F2348 /* GlanceToDoTests */,
				942BD2771B332FB0003F2348 /* Products */,
				6B2C7D16F3610B0C6CFDBADC /* Pods */,
				F94F6669386B2E6610F37838 /* Frameworks */,
			);
			sourceTree = "<group>";
		};
		942BD2771B332FB0003F2348 /* Products */ = {
			isa = PBXGroup;
			children = (
				942BD2761B332FB0003F2348 /* GlanceToDo.app */,
				942BD28F1B332FB0003F2348 /* GlanceToDoTests.xctest */,
			);
			name = Products;
			sourceTree = "<group>";
		};
		942BD2781B332FB0003F2348 /* GlanceToDo */ = {
			isa = PBXGroup;
			children = (
				94D1ECAC1B3604D200011683 /* Data Stores */,
				949584621B3476310066E07C /* Models */,
				949584631B34763E0066E07C /* View Controllers */,
				942BD2791B332FB0003F2348 /* Supporting Files */,
			);
			path = GlanceToDo;
			sourceTree = "<group>";
		};
		942BD2791B332FB0003F2348 /* Supporting Files */ = {
			isa = PBXGroup;
			children = (
				9491FE3B1B3A381800705D99 /* Images.xcassets */,
				942BD2881B332FB0003F2348 /* LaunchScreen.xib */,
				942BD2801B332FB0003F2348 /* ViewController.h */,
				942BD2811B332FB0003F2348 /* ViewController.m */,
				942BD27D1B332FB0003F2348 /* AppDelegate.h */,
				942BD27E1B332FB0003F2348 /* AppDelegate.m */,
				942BD27A1B332FB0003F2348 /* Info.plist */,
				942BD27B1B332FB0003F2348 /* main.m */,
			);
			name = "Supporting Files";
			sourceTree = "<group>";
		};
		942BD2921B332FB0003F2348 /* GlanceToDoTests */ = {
			isa = PBXGroup;
			children = (
				942BD2951B332FB0003F2348 /* GlanceToDoTests.m */,
				942BD2931B332FB0003F2348 /* Supporting Files */,
			);
			path = GlanceToDoTests;
			sourceTree = "<group>";
		};
		942BD2931B332FB0003F2348 /* Supporting Files */ = {
			isa = PBXGroup;
			children = (
				942BD2941B332FB0003F2348 /* Info.plist */,
			);
			name = "Supporting Files";
			sourceTree = "<group>";
		};
		949584621B3476310066E07C /* Models */ = {
			isa = PBXGroup;
			children = (
				942BD2A81B333A8E003F2348 /* Task.h */,
				942BD2A91B333A8E003F2348 /* Task.m */,
				942BD2AB1B333AA4003F2348 /* taskCategory.h */,
				942BD2AC1B333AA4003F2348 /* taskCategory.m */,
				949584641B3476AA0066E07C /* taskType.h */,
				949584651B3476AA0066E07C /* taskType.m */,
			);
			name = Models;
			sourceTree = "<group>";
		};
		949584631B34763E0066E07C /* View Controllers */ = {
			isa = PBXGroup;
			children = (
				942BD2831B332FB0003F2348 /* Main.storyboard */,
				942BD29F1B333980003F2348 /* HomeTableViewController.h */,
				942BD2A01B333980003F2348 /* HomeTableViewController.m */,
				942BD2A21B333A0A003F2348 /* ChooseCategoryViewController.h */,
				942BD2A31B333A0A003F2348 /* ChooseCategoryViewController.m */,
				942BD2A51B333A21003F2348 /* AddTaskViewController.h */,
				942BD2A61B333A22003F2348 /* AddTaskViewController.m */,
				9491FE3D1B3A38E700705D99 /* Up.png */,
			);
			name = "View Controllers";
			sourceTree = "<group>";
		};
		94D1ECAC1B3604D200011683 /* Data Stores */ = {
			isa = PBXGroup;
			children = (
				94FBFA181B339FD500ADC887 /* TasksDataStore.h */,
				94FBFA191B339FD500ADC887 /* TasksDataStore.m */,
			);
			name = "Data Stores";
			sourceTree = "<group>";
		};
		F94F6669386B2E6610F37838 /* Frameworks */ = {
			isa = PBXGroup;
			children = (
				22A763BA2601681366645314 /* libPods.a */,
			);
			name = Frameworks;
			sourceTree = "<group>";
		};
/* End PBXGroup section */

/* Begin PBXNativeTarget section */
		942BD2751B332FB0003F2348 /* GlanceToDo */ = {
			isa = PBXNativeTarget;
			buildConfigurationList = 942BD2991B332FB0003F2348 /* Build configuration list for PBXNativeTarget "GlanceToDo" */;
			buildPhases = (
				751BB11841AE00D1CA87758F /* Check Pods Manifest.lock */,
				942BD2721B332FB0003F2348 /* Sources */,
				942BD2731B332FB0003F2348 /* Frameworks */,
				942BD2741B332FB0003F2348 /* Resources */,
				228AECEACCE9EACFC9E99369 /* Copy Pods Resources */,
			);
			buildRules = (
			);
			dependencies = (
			);
			name = GlanceToDo;
			productName = GlanceToDo;
			productReference = 942BD2761B332FB0003F2348 /* GlanceToDo.app */;
			productType = "com.apple.product-type.application";
		};
		942BD28E1B332FB0003F2348 /* GlanceToDoTests */ = {
			isa = PBXNativeTarget;
			buildConfigurationList = 942BD29C1B332FB0003F2348 /* Build configuration list for PBXNativeTarget "GlanceToDoTests" */;
			buildPhases = (
				942BD28B1B332FB0003F2348 /* Sources */,
				942BD28C1B332FB0003F2348 /* Frameworks */,
				942BD28D1B332FB0003F2348 /* Resources */,
			);
			buildRules = (
			);
			dependencies = (
				942BD2911B332FB0003F2348 /* PBXTargetDependency */,
			);
			name = GlanceToDoTests;
			productName = GlanceToDoTests;
			productReference = 942BD28F1B332FB0003F2348 /* GlanceToDoTests.xctest */;
			productType = "com.apple.product-type.bundle.unit-test";
		};
/* End PBXNativeTarget section */

/* Begin PBXProject section */
		942BD26E1B332FB0003F2348 /* Project object */ = {
			isa = PBXProject;
			attributes = {
				LastUpgradeCheck = 0630;
				ORGANIZATIONNAME = "Leo Kwan";
				TargetAttributes = {
					942BD2751B332FB0003F2348 = {
						CreatedOnToolsVersion = 6.3.2;
					};
					942BD28E1B332FB0003F2348 = {
						CreatedOnToolsVersion = 6.3.2;
						TestTargetID = 942BD2751B332FB0003F2348;
					};
				};
			};
			buildConfigurationList = 942BD2711B332FB0003F2348 /* Build configuration list for PBXProject "GlanceToDo" */;
			compatibilityVersion = "Xcode 3.2";
			developmentRegion = English;
			hasScannedForEncodings = 0;
			knownRegions = (
				en,
				Base,
			);
			mainGroup = 942BD26D1B332FB0003F2348;
			productRefGroup = 942BD2771B332FB0003F2348 /* Products */;
			projectDirPath = "";
			projectRoot = "";
			targets = (
				942BD2751B332FB0003F2348 /* GlanceToDo */,
				942BD28E1B332FB0003F2348 /* GlanceToDoTests */,
			);
		};
/* End PBXProject section */

/* Begin PBXResourcesBuildPhase section */
		942BD2741B332FB0003F2348 /* Resources */ = {
			isa = PBXResourcesBuildPhase;
			buildActionMask = 2147483647;
			files = (
				9491FE3C1B3A381800705D99 /* Images.xcassets in Resources */,
				942BD2851B332FB0003F2348 /* Main.storyboard in Resources */,
				9491FE3E1B3A38E700705D99 /* Up.png in Resources */,
				942BD28A1B332FB0003F2348 /* LaunchScreen.xib in Resources */,
			);
			runOnlyForDeploymentPostprocessing = 0;
		};
		942BD28D1B332FB0003F2348 /* Resources */ = {
			isa = PBXResourcesBuildPhase;
			buildActionMask = 2147483647;
			files = (
			);
			runOnlyForDeploymentPostprocessing = 0;
		};
/* End PBXResourcesBuildPhase section */

/* Begin PBXShellScriptBuildPhase section */
		228AECEACCE9EACFC9E99369 /* Copy Pods Resources */ = {
			isa = PBXShellScriptBuildPhase;
			buildActionMask = 2147483647;
			files = (
			);
			inputPaths = (
			);
			name = "Copy Pods Resources";
			outputPaths = (
			);
			runOnlyForDeploymentPostprocessing = 0;
			shellPath = /bin/sh;
			shellScript = "\"${SRCROOT}/Pods/Target Support Files/Pods/Pods-resources.sh\"\n";
			showEnvVarsInLog = 0;
		};
		751BB11841AE00D1CA87758F /* Check Pods Manifest.lock */ = {
			isa = PBXShellScriptBuildPhase;
			buildActionMask = 2147483647;
			files = (
			);
			inputPaths = (
			);
			name = "Check Pods Manifest.lock";
			outputPaths = (
			);
			runOnlyForDeploymentPostprocessing = 0;
			shellPath = /bin/sh;
			shellScript = "diff \"${PODS_ROOT}/../Podfile.lock\" \"${PODS_ROOT}/Manifest.lock\" > /dev/null\nif [[ $? != 0 ]] ; then\n    cat << EOM\nerror: The sandbox is not in sync with the Podfile.lock. Run 'pod install' or update your CocoaPods installation.\nEOM\n    exit 1\nfi\n";
			showEnvVarsInLog = 0;
		};
/* End PBXShellScriptBuildPhase section */

/* Begin PBXSourcesBuildPhase section */
		942BD2721B332FB0003F2348 /* Sources */ = {
			isa = PBXSourcesBuildPhase;
			buildActionMask = 2147483647;
			files = (
				942BD2AA1B333A8E003F2348 /* Task.m in Sources */,
				942BD2A11B333980003F2348 /* HomeTableViewController.m in Sources */,
				942BD2AD1B333AA4003F2348 /* taskCategory.m in Sources */,
				942BD2A71B333A22003F2348 /* AddTaskViewController.m in Sources */,
				949584661B3476AA0066E07C /* taskType.m in Sources */,
				942BD2A41B333A0A003F2348 /* ChooseCategoryViewController.m in Sources */,
				942BD2821B332FB0003F2348 /* ViewController.m in Sources */,
				942BD27F1B332FB0003F2348 /* AppDelegate.m in Sources */,
				942BD27C1B332FB0003F2348 /* main.m in Sources */,
				94FBFA1A1B339FD500ADC887 /* TasksDataStore.m in Sources */,
			);
			runOnlyForDeploymentPostprocessing = 0;
		};
		942BD28B1B332FB0003F2348 /* Sources */ = {
			isa = PBXSourcesBuildPhase;
			buildActionMask = 2147483647;
			files = (
				942BD2961B332FB0003F2348 /* GlanceToDoTests.m in Sources */,
			);
			runOnlyForDeploymentPostprocessing = 0;
		};
/* End PBXSourcesBuildPhase section */

/* Begin PBXTargetDependency section */
		942BD2911B332FB0003F2348 /* PBXTargetDependency */ = {
			isa = PBXTargetDependency;
			target = 942BD2751B332FB0003F2348 /* GlanceToDo */;
			targetProxy = 942BD2901B332FB0003F2348 /* PBXContainerItemProxy */;
		};
/* End PBXTargetDependency section */

/* Begin PBXVariantGroup section */
		942BD2831B332FB0003F2348 /* Main.storyboard */ = {
			isa = PBXVariantGroup;
			children = (
				942BD2841B332FB0003F2348 /* Base */,
			);
			name = Main.storyboard;
			sourceTree = "<group>";
		};
		942BD2881B332FB0003F2348 /* LaunchScreen.xib */ = {
			isa = PBXVariantGroup;
			children = (
				942BD2891B332FB0003F2348 /* Base */,
			);
			name = LaunchScreen.xib;
			sourceTree = "<group>";
		};
/* End PBXVariantGroup section */

/* Begin XCBuildConfiguration section */
		942BD2971B332FB0003F2348 /* Debug */ = {
			isa = XCBuildConfiguration;
			buildSettings = {
				ALWAYS_SEARCH_USER_PATHS = NO;
				CLANG_CXX_LANGUAGE_STANDARD = "gnu++0x";
				CLANG_CXX_LIBRARY = "libc++";
				CLANG_ENABLE_MODULES = YES;
				CLANG_ENABLE_OBJC_ARC = YES;
				CLANG_WARN_BOOL_CONVERSION = YES;
				CLANG_WARN_CONSTANT_CONVERSION = YES;
				CLANG_WARN_DIRECT_OBJC_ISA_USAGE = YES_ERROR;
				CLANG_WARN_EMPTY_BODY = YES;
				CLANG_WARN_ENUM_CONVERSION = YES;
				CLANG_WARN_INT_CONVERSION = YES;
				CLANG_WARN_OBJC_ROOT_CLASS = YES_ERROR;
				CLANG_WARN_UNREACHABLE_CODE = YES;
				CLANG_WARN__DUPLICATE_METHOD_MATCH = YES;
				"CODE_SIGN_IDENTITY[sdk=iphoneos*]" = "iPhone Developer";
				COPY_PHASE_STRIP = NO;
				DEBUG_INFORMATION_FORMAT = "dwarf-with-dsym";
				ENABLE_STRICT_OBJC_MSGSEND = YES;
				GCC_C_LANGUAGE_STANDARD = gnu99;
				GCC_DYNAMIC_NO_PIC = NO;
				GCC_NO_COMMON_BLOCKS = YES;
				GCC_OPTIMIZATION_LEVEL = 0;
				GCC_PREPROCESSOR_DEFINITIONS = (
					"DEBUG=1",
					"$(inherited)",
				);
				GCC_SYMBOLS_PRIVATE_EXTERN = NO;
				GCC_WARN_64_TO_32_BIT_CONVERSION = YES;
				GCC_WARN_ABOUT_RETURN_TYPE = YES_ERROR;
				GCC_WARN_UNDECLARED_SELECTOR = YES;
				GCC_WARN_UNINITIALIZED_AUTOS = YES_AGGRESSIVE;
				GCC_WARN_UNUSED_FUNCTION = YES;
				GCC_WARN_UNUSED_VARIABLE = YES;
				IPHONEOS_DEPLOYMENT_TARGET = 8.3;
				MTL_ENABLE_DEBUG_INFO = YES;
				ONLY_ACTIVE_ARCH = YES;
				SDKROOT = iphoneos;
				TARGETED_DEVICE_FAMILY = "1,2";
			};
			name = Debug;
		};
		942BD2981B332FB0003F2348 /* Release */ = {
			isa = XCBuildConfiguration;
			buildSettings = {
				ALWAYS_SEARCH_USER_PATHS = NO;
				CLANG_CXX_LANGUAGE_STANDARD = "gnu++0x";
				CLANG_CXX_LIBRARY = "libc++";
				CLANG_ENABLE_MODULES = YES;
				CLANG_ENABLE_OBJC_ARC = YES;
				CLANG_WARN_BOOL_CONVERSION = YES;
				CLANG_WARN_CONSTANT_CONVERSION = YES;
				CLANG_WARN_DIRECT_OBJC_ISA_USAGE = YES_ERROR;
				CLANG_WARN_EMPTY_BODY = YES;
				CLANG_WARN_ENUM_CONVERSION = YES;
				CLANG_WARN_INT_CONVERSION = YES;
				CLANG_WARN_OBJC_ROOT_CLASS = YES_ERROR;
				CLANG_WARN_UNREACHABLE_CODE = YES;
				CLANG_WARN__DUPLICATE_METHOD_MATCH = YES;
				"CODE_SIGN_IDENTITY[sdk=iphoneos*]" = "iPhone Developer";
				COPY_PHASE_STRIP = NO;
				DEBUG_INFORMATION_FORMAT = "dwarf-with-dsym";
				ENABLE_NS_ASSERTIONS = NO;
				ENABLE_STRICT_OBJC_MSGSEND = YES;
				GCC_C_LANGUAGE_STANDARD = gnu99;
				GCC_NO_COMMON_BLOCKS = YES;
				GCC_WARN_64_TO_32_BIT_CONVERSION = YES;
				GCC_WARN_ABOUT_RETURN_TYPE = YES_ERROR;
				GCC_WARN_UNDECLARED_SELECTOR = YES;
				GCC_WARN_UNINITIALIZED_AUTOS = YES_AGGRESSIVE;
				GCC_WARN_UNUSED_FUNCTION = YES;
				GCC_WARN_UNUSED_VARIABLE = YES;
				IPHONEOS_DEPLOYMENT_TARGET = 8.3;
				MTL_ENABLE_DEBUG_INFO = NO;
				SDKROOT = iphoneos;
				TARGETED_DEVICE_FAMILY = "1,2";
				VALIDATE_PRODUCT = YES;
			};
			name = Release;
		};
		942BD29A1B332FB0003F2348 /* Debug */ = {
			isa = XCBuildConfiguration;
			baseConfigurationReference = 3D4F0143BC0D58EB21D30FA0 /* Pods.debug.xcconfig */;
			buildSettings = {
				ASSETCATALOG_COMPILER_APPICON_NAME = AppIcon;
				INFOPLIST_FILE = GlanceToDo/Info.plist;
				LD_RUNPATH_SEARCH_PATHS = "$(inherited) @executable_path/Frameworks";
				PRODUCT_NAME = "$(TARGET_NAME)";
			};
			name = Debug;
		};
		942BD29B1B332FB0003F2348 /* Release */ = {
			isa = XCBuildConfiguration;
			baseConfigurationReference = 8197D85FD495DA3397D1792A /* Pods.release.xcconfig */;
			buildSettings = {
				ASSETCATALOG_COMPILER_APPICON_NAME = AppIcon;
				INFOPLIST_FILE = GlanceToDo/Info.plist;
				LD_RUNPATH_SEARCH_PATHS = "$(inherited) @executable_path/Frameworks";
				PRODUCT_NAME = "$(TARGET_NAME)";
			};
			name = Release;
		};
		942BD29D1B332FB0003F2348 /* Debug */ = {
			isa = XCBuildConfiguration;
			buildSettings = {
				BUNDLE_LOADER = "$(TEST_HOST)";
				FRAMEWORK_SEARCH_PATHS = (
					"$(SDKROOT)/Developer/Library/Frameworks",
					"$(inherited)",
				);
				GCC_PREPROCESSOR_DEFINITIONS = (
					"DEBUG=1",
					"$(inherited)",
				);
				INFOPLIST_FILE = GlanceToDoTests/Info.plist;
				LD_RUNPATH_SEARCH_PATHS = "$(inherited) @executable_path/Frameworks @loader_path/Frameworks";
				PRODUCT_NAME = "$(TARGET_NAME)";
				TEST_HOST = "$(BUILT_PRODUCTS_DIR)/GlanceToDo.app/GlanceToDo";
			};
			name = Debug;
		};
		942BD29E1B332FB0003F2348 /* Release */ = {
			isa = XCBuildConfiguration;
			buildSettings = {
				BUNDLE_LOADER = "$(TEST_HOST)";
				FRAMEWORK_SEARCH_PATHS = (
					"$(SDKROOT)/Developer/Library/Frameworks",
					"$(inherited)",
				);
				INFOPLIST_FILE = GlanceToDoTests/Info.plist;
				LD_RUNPATH_SEARCH_PATHS = "$(inherited) @executable_path/Frameworks @loader_path/Frameworks";
				PRODUCT_NAME = "$(TARGET_NAME)";
				TEST_HOST = "$(BUILT_PRODUCTS_DIR)/GlanceToDo.app/GlanceToDo";
			};
			name = Release;
		};
/* End XCBuildConfiguration section */

/* Begin XCConfigurationList section */
		942BD2711B332FB0003F2348 /* Build configuration list for PBXProject "GlanceToDo" */ = {
			isa = XCConfigurationList;
			buildConfigurations = (
				942BD2971B332FB0003F2348 /* Debug */,
				942BD2981B332FB0003F2348 /* Release */,
			);
			defaultConfigurationIsVisible = 0;
			defaultConfigurationName = Release;
		};
		942BD2991B332FB0003F2348 /* Build configuration list for PBXNativeTarget "GlanceToDo" */ = {
			isa = XCConfigurationList;
			buildConfigurations = (
				942BD29A1B332FB0003F2348 /* Debug */,
				942BD29B1B332FB0003F2348 /* Release */,
			);
			defaultConfigurationIsVisible = 0;
			defaultConfigurationName = Release;
		};
		942BD29C1B332FB0003F2348 /* Build configuration list for PBXNativeTarget "GlanceToDoTests" */ = {
			isa = XCConfigurationList;
			buildConfigurations = (
				942BD29D1B332FB0003F2348 /* Debug */,
				942BD29E1B332FB0003F2348 /* Release */,
			);
			defaultConfigurationIsVisible = 0;
			defaultConfigurationName = Release;
		};
/* End XCConfigurationList section */
	};
	rootObject = 942BD26E1B332FB0003F2348 /* Project object */;
}
